<Solution>
  <Project Path="EtrmService.API/EtrmService.API.csproj" />
  <Project Path="EtrmService.Application/EtrmService.Application.csproj" />
  <Project Path="EtrmService.Domain/EtrmService.Domain.csproj" />
  <Project Path="EtrmService.Infrastructure/EtrmService.Infrastructure.csproj" />
</Solution>
